// !$*UTF8*$!
{
	archiveVersion = 1;
	classes = {
	};
	objectVersion = 46;
	objects = {

/* Begin PBXBuildFile section */
		4EC41A4B197DB8D000320D95 /* Foundation.framework in Frameworks */ = {isa = PBXBuildFile; fileRef = 4EC41A4A197DB8D000320D95 /* Foundation.framework */; };
		4EC41A4D197DB8D000320D95 /* CoreGraphics.framework in Frameworks */ = {isa = PBXBuildFile; fileRef = 4EC41A4C197DB8D000320D95 /* CoreGraphics.framework */; };
		4EC41A4F197DB8D000320D95 /* UIKit.framework in Frameworks */ = {isa = PBXBuildFile; fileRef = 4EC41A4E197DB8D000320D95 /* UIKit.framework */; };
		4EC41A55197DB8D000320D95 /* InfoPlist.strings in Resources */ = {isa = PBXBuildFile; fileRef = 4EC41A53197DB8D000320D95 /* InfoPlist.strings */; };
		4EC41A57197DB8D000320D95 /* main.m in Sources */ = {isa = PBXBuildFile; fileRef = 4EC41A56197DB8D000320D95 /* main.m */; };
		4EC41A5B197DB8D000320D95 /* AppDelegate.m in Sources */ = {isa = PBXBuildFile; fileRef = 4EC41A5A197DB8D000320D95 /* AppDelegate.m */; };
		4EC41A5E197DB8D000320D95 /* Main_iPhone.storyboard in Resources */ = {isa = PBXBuildFile; fileRef = 4EC41A5C197DB8D000320D95 /* Main_iPhone.storyboard */; };
		4EC41A61197DB8D000320D95 /* Main_iPad.storyboard in Resources */ = {isa = PBXBuildFile; fileRef = 4EC41A5F197DB8D000320D95 /* Main_iPad.storyboard */; };
		4EC41A64197DB8D000320D95 /* VJMainViewController.m in Sources */ = {isa = PBXBuildFile; fileRef = 4EC41A63197DB8D000320D95 /* VJMainViewController.m */; };
		4EC41A66197DB8D000320D95 /* Images.xcassets in Resources */ = {isa = PBXBuildFile; fileRef = 4EC41A65197DB8D000320D95 /* Images.xcassets */; };
		4EC41A6D197DB8D000320D95 /* XCTest.framework in Frameworks */ = {isa = PBXBuildFile; fileRef = 4EC41A6C197DB8D000320D95 /* XCTest.framework */; };
		4EC41A6E197DB8D000320D95 /* Foundation.framework in Frameworks */ = {isa = PBXBuildFile; fileRef = 4EC41A4A197DB8D000320D95 /* Foundation.framework */; };
		4EC41A6F197DB8D000320D95 /* UIKit.framework in Frameworks */ = {isa = PBXBuildFile; fileRef = 4EC41A4E197DB8D000320D95 /* UIKit.framework */; };
		4EC41A77197DB8D000320D95 /* InfoPlist.strings in Resources */ = {isa = PBXBuildFile; fileRef = 4EC41A75197DB8D000320D95 /* InfoPlist.strings */; };
		4EC41A79197DB8D000320D95 /* VideoFromJsonDemoTests.m in Sources */ = {isa = PBXBuildFile; fileRef = 4EC41A78197DB8D000320D95 /* VideoFromJsonDemoTests.m */; };
		4EC41A87197DB95500320D95 /* VJNetworkCommand.m in Sources */ = {isa = PBXBuildFile; fileRef = 4EC41A86197DB95500320D95 /* VJNetworkCommand.m */; };
		4EC41A8A197DBCA200320D95 /* VJObjectModel.m in Sources */ = {isa = PBXBuildFile; fileRef = 4EC41A89197DBCA200320D95 /* VJObjectModel.m */; };
		4EC41A8D197DC29C00320D95 /* VJTableViewCell.m in Sources */ = {isa = PBXBuildFile; fileRef = 4EC41A8C197DC29C00320D95 /* VJTableViewCell.m */; };
		4EC41A90197DC85400320D95 /* VJWebViewController.m in Sources */ = {isa = PBXBuildFile; fileRef = 4EC41A8F197DC85400320D95 /* VJWebViewController.m */; };
		4EC41A92197DCFCE00320D95 /* MediaPlayer.framework in Frameworks */ = {isa = PBXBuildFile; fileRef = 4EC41A91197DCFCE00320D95 /* MediaPlayer.framework */; };
/* End PBXBuildFile section */

/* Begin PBXContainerItemProxy section */
		4EC41A70197DB8D000320D95 /* PBXContainerItemProxy */ = {
			isa = PBXContainerItemProxy;
			containerPortal = 4EC41A3F197DB8D000320D95 /* Project object */;
			proxyType = 1;
			remoteGlobalIDString = 4EC41A46197DB8D000320D95;
			remoteInfo = VideoFromJsonDemo;
		};
/* End PBXContainerItemProxy section */

/* Begin PBXFileReference section */
		4EC41A47197DB8D000320D95 /* VideoFromJsonDemo.app */ = {isa = PBXFileReference; explicitFileType = wrapper.application; includeInIndex = 0; path = VideoFromJsonDemo.app; sourceTree = BUILT_PRODUCTS_DIR; };
		4EC41A4A197DB8D000320D95 /* Foundation.framework */ = {isa = PBXFileReference; lastKnownFileType = wrapper.framework; name = Foundation.framework; path = System/Library/Frameworks/Foundation.framework; sourceTree = SDKROOT; };
		4EC41A4C197DB8D000320D95 /* CoreGraphics.framework */ = {isa = PBXFileReference; lastKnownFileType = wrapper.framework; name = CoreGraphics.framework; path = System/Library/Frameworks/CoreGraphics.framework; sourceTree = SDKROOT; };
		4EC41A4E197DB8D000320D95 /* UIKit.framework */ = {isa = PBXFileReference; lastKnownFileType = wrapper.framework; name = UIKit.framework; path = System/Library/Frameworks/UIKit.framework; sourceTree = SDKROOT; };
		4EC41A52197DB8D000320D95 /* VideoFromJsonDemo-Info.plist */ = {isa = PBXFileReference; lastKnownFileType = text.plist.xml; path = "VideoFromJsonDemo-Info.plist"; sourceTree = "<group>"; };
		4EC41A54197DB8D000320D95 /* en */ = {isa = PBXFileReference; lastKnownFileType = text.plist.strings; name = en; path = en.lproj/InfoPlist.strings; sourceTree = "<group>"; };
		4EC41A56197DB8D000320D95 /* main.m */ = {isa = PBXFileReference; lastKnownFileType = sourcecode.c.objc; path = main.m; sourceTree = "<group>"; };
		4EC41A58197DB8D000320D95 /* VideoFromJsonDemo-Prefix.pch */ = {isa = PBXFileReference; lastKnownFileType = sourcecode.c.h; path = "VideoFromJsonDemo-Prefix.pch"; sourceTree = "<group>"; };
		4EC41A59197DB8D000320D95 /* AppDelegate.h */ = {isa = PBXFileReference; lastKnownFileType = sourcecode.c.h; path = AppDelegate.h; sourceTree = "<group>"; };
		4EC41A5A197DB8D000320D95 /* AppDelegate.m */ = {isa = PBXFileReference; lastKnownFileType = sourcecode.c.objc; path = AppDelegate.m; sourceTree = "<group>"; };
		4EC41A5D197DB8D000320D95 /* Base */ = {isa = PBXFileReference; lastKnownFileType = file.storyboard; name = Base; path = Base.lproj/Main_iPhone.storyboard; sourceTree = "<group>"; };
		4EC41A60197DB8D000320D95 /* Base */ = {isa = PBXFileReference; lastKnownFileType = file.storyboard; name = Base; path = Base.lproj/Main_iPad.storyboard; sourceTree = "<group>"; };
		4EC41A62197DB8D000320D95 /* VJMainViewController.h */ = {isa = PBXFileReference; lastKnownFileType = sourcecode.c.h; path = VJMainViewController.h; sourceTree = "<group>"; };
		4EC41A63197DB8D000320D95 /* VJMainViewController.m */ = {isa = PBXFileReference; lastKnownFileType = sourcecode.c.objc; path = VJMainViewController.m; sourceTree = "<group>"; };
		4EC41A65197DB8D000320D95 /* Images.xcassets */ = {isa = PBXFileReference; lastKnownFileType = folder.assetcatalog; path = Images.xcassets; sourceTree = "<group>"; };
		4EC41A6B197DB8D000320D95 /* VideoFromJsonDemoTests.xctest */ = {isa = PBXFileReference; explicitFileType = wrapper.cfbundle; includeInIndex = 0; path = VideoFromJsonDemoTests.xctest; sourceTree = BUILT_PRODUCTS_DIR; };
		4EC41A6C197DB8D000320D95 /* XCTest.framework */ = {isa = PBXFileReference; lastKnownFileType = wrapper.framework; name = XCTest.framework; path = Library/Frameworks/XCTest.framework; sourceTree = DEVELOPER_DIR; };
		4EC41A74197DB8D000320D95 /* VideoFromJsonDemoTests-Info.plist */ = {isa = PBXFileReference; lastKnownFileType = text.plist.xml; path = "VideoFromJsonDemoTests-Info.plist"; sourceTree = "<group>"; };
		4EC41A76197DB8D000320D95 /* en */ = {isa = PBXFileReference; lastKnownFileType = text.plist.strings; name = en; path = en.lproj/InfoPlist.strings; sourceTree = "<group>"; };
		4EC41A78197DB8D000320D95 /* VideoFromJsonDemoTests.m */ = {isa = PBXFileReference; lastKnownFileType = sourcecode.c.objc; path = VideoFromJsonDemoTests.m; sourceTree = "<group>"; };
		4EC41A85197DB95500320D95 /* VJNetworkCommand.h */ = {isa = PBXFileReference; fileEncoding = 4; lastKnownFileType = sourcecode.c.h; path = VJNetworkCommand.h; sourceTree = "<group>"; };
		4EC41A86197DB95500320D95 /* VJNetworkCommand.m */ = {isa = PBXFileReference; fileEncoding = 4; lastKnownFileType = sourcecode.c.objc; path = VJNetworkCommand.m; sourceTree = "<group>"; };
		4EC41A88197DBCA200320D95 /* VJObjectModel.h */ = {isa = PBXFileReference; fileEncoding = 4; lastKnownFileType = sourcecode.c.h; path = VJObjectModel.h; sourceTree = "<group>"; };
		4EC41A89197DBCA200320D95 /* VJObjectModel.m */ = {isa = PBXFileReference; fileEncoding = 4; lastKnownFileType = sourcecode.c.objc; path = VJObjectModel.m; sourceTree = "<group>"; };
		4EC41A8B197DC29C00320D95 /* VJTableViewCell.h */ = {isa = PBXFileReference; fileEncoding = 4; lastKnownFileType = sourcecode.c.h; path = VJTableViewCell.h; sourceTree = "<group>"; };
		4EC41A8C197DC29C00320D95 /* VJTableViewCell.m */ = {isa = PBXFileReference; fileEncoding = 4; lastKnownFileType = sourcecode.c.objc; path = VJTableViewCell.m; sourceTree = "<group>"; };
		4EC41A8E197DC85400320D95 /* VJWebViewController.h */ = {isa = PBXFileReference; fileEncoding = 4; lastKnownFileType = sourcecode.c.h; path = VJWebViewController.h; sourceTree = "<group>"; };
		4EC41A8F197DC85400320D95 /* VJWebViewController.m */ = {isa = PBXFileReference; fileEncoding = 4; lastKnownFileType = sourcecode.c.objc; path = VJWebViewController.m; sourceTree = "<group>"; };
		4EC41A91197DCFCE00320D95 /* MediaPlayer.framework */ = {isa = PBXFileReference; lastKnownFileType = wrapper.framework; name = MediaPlayer.framework; path = System/Library/Frameworks/MediaPlayer.framework; sourceTree = SDKROOT; };
/* End PBXFileReference section */

/* Begin PBXFrameworksBuildPhase section */
		4EC41A44197DB8D000320D95 /* Frameworks */ = {
			isa = PBXFrameworksBuildPhase;
			buildActionMask = 2147483647;
			files = (
				4EC41A92197DCFCE00320D95 /* MediaPlayer.framework in Frameworks */,
				4EC41A4D197DB8D000320D95 /* CoreGraphics.framework in Frameworks */,
				4EC41A4F197DB8D000320D95 /* UIKit.framework in Frameworks */,
				4EC41A4B197DB8D000320D95 /* Foundation.framework in Frameworks */,
			);
			runOnlyForDeploymentPostprocessing = 0;
		};
		4EC41A68197DB8D000320D95 /* Frameworks */ = {
			isa = PBXFrameworksBuildPhase;
			buildActionMask = 2147483647;
			files = (
				4EC41A6D197DB8D000320D95 /* XCTest.framework in Frameworks */,
				4EC41A6F197DB8D000320D95 /* UIKit.framework in Frameworks */,
				4EC41A6E197DB8D000320D95 /* Foundation.framework in Frameworks */,
			);
			runOnlyForDeploymentPostprocessing = 0;
		};
/* End PBXFrameworksBuildPhase section */

/* Begin PBXGroup section */
		4EC41A3E197DB8D000320D95 = {
			isa = PBXGroup;
			children = (
				4EC41A50197DB8D000320D95 /* VideoFromJsonDemo */,
				4EC41A72197DB8D000320D95 /* VideoFromJsonDemoTests */,
				4EC41A49197DB8D000320D95 /* Frameworks */,
				4EC41A48197DB8D000320D95 /* Products */,
			);
			sourceTree = "<group>";
		};
		4EC41A48197DB8D000320D95 /* Products */ = {
			isa = PBXGroup;
			children = (
				4EC41A47197DB8D000320D95 /* VideoFromJsonDemo.app */,
				4EC41A6B197DB8D000320D95 /* VideoFromJsonDemoTests.xctest */,
			);
			name = Products;
			sourceTree = "<group>";
		};
		4EC41A49197DB8D000320D95 /* Frameworks */ = {
			isa = PBXGroup;
			children = (
				4EC41A91197DCFCE00320D95 /* MediaPlayer.framework */,
				4EC41A4A197DB8D000320D95 /* Foundation.framework */,
				4EC41A4C197DB8D000320D95 /* CoreGraphics.framework */,
				4EC41A4E197DB8D000320D95 /* UIKit.framework */,
				4EC41A6C197DB8D000320D95 /* XCTest.framework */,
			);
			name = Frameworks;
			sourceTree = "<group>";
		};
		4EC41A50197DB8D000320D95 /* VideoFromJsonDemo */ = {
			isa = PBXGroup;
			children = (
				4EC41A59197DB8D000320D95 /* AppDelegate.h */,
				4EC41A5A197DB8D000320D95 /* AppDelegate.m */,
				4EC41A83197DB91400320D95 /* Model */,
				4EC41A82197DB90900320D95 /* View */,
				4EC41A84197DB91C00320D95 /* Networking */,
				4EC41A65197DB8D000320D95 /* Images.xcassets */,
				4EC41A51197DB8D000320D95 /* Supporting Files */,
			);
			path = VideoFromJsonDemo;
			sourceTree = "<group>";
		};
		4EC41A51197DB8D000320D95 /* Supporting Files */ = {
			isa = PBXGroup;
			children = (
				4EC41A52197DB8D000320D95 /* VideoFromJsonDemo-Info.plist */,
				4EC41A53197DB8D000320D95 /* InfoPlist.strings */,
				4EC41A56197DB8D000320D95 /* main.m */,
				4EC41A58197DB8D000320D95 /* VideoFromJsonDemo-Prefix.pch */,
			);
			name = "Supporting Files";
			sourceTree = "<group>";
		};
		4EC41A72197DB8D000320D95 /* VideoFromJsonDemoTests */ = {
			isa = PBXGroup;
			children = (
				4EC41A78197DB8D000320D95 /* VideoFromJsonDemoTests.m */,
				4EC41A73197DB8D000320D95 /* Supporting Files */,
			);
			path = VideoFromJsonDemoTests;
			sourceTree = "<group>";
		};
		4EC41A73197DB8D000320D95 /* Supporting Files */ = {
			isa = PBXGroup;
			children = (
				4EC41A74197DB8D000320D95 /* VideoFromJsonDemoTests-Info.plist */,
				4EC41A75197DB8D000320D95 /* InfoPlist.strings */,
			);
			name = "Supporting Files";
			sourceTree = "<group>";
		};
		4EC41A82197DB90900320D95 /* View */ = {
			isa = PBXGroup;
			children = (
				4EC41A5C197DB8D000320D95 /* Main_iPhone.storyboard */,
				4EC41A5F197DB8D000320D95 /* Main_iPad.storyboard */,
				4EC41A62197DB8D000320D95 /* VJMainViewController.h */,
				4EC41A63197DB8D000320D95 /* VJMainViewController.m */,
				4EC41A8B197DC29C00320D95 /* VJTableViewCell.h */,
				4EC41A8C197DC29C00320D95 /* VJTableViewCell.m */,
				4EC41A8E197DC85400320D95 /* VJWebViewController.h */,
				4EC41A8F197DC85400320D95 /* VJWebViewController.m */,
			);
			name = View;
			sourceTree = "<group>";
		};
		4EC41A83197DB91400320D95 /* Model */ = {
			isa = PBXGroup;
			children = (
				4EC41A88197DBCA200320D95 /* VJObjectModel.h */,
				4EC41A89197DBCA200320D95 /* VJObjectModel.m */,
			);
			name = Model;
			sourceTree = "<group>";
		};
		4EC41A84197DB91C00320D95 /* Networking */ = {
			isa = PBXGroup;
			children = (
				4EC41A85197DB95500320D95 /* VJNetworkCommand.h */,
				4EC41A86197DB95500320D95 /* VJNetworkCommand.m */,
			);
			name = Networking;
			sourceTree = "<group>";
		};
/* End PBXGroup section */

/* Begin PBXNativeTarget section */
		4EC41A46197DB8D000320D95 /* VideoFromJsonDemo */ = {
			isa = PBXNativeTarget;
			buildConfigurationList = 4EC41A7C197DB8D000320D95 /* Build configuration list for PBXNativeTarget "VideoFromJsonDemo" */;
			buildPhases = (
				4EC41A43197DB8D000320D95 /* Sources */,
				4EC41A44197DB8D000320D95 /* Frameworks */,
				4EC41A45197DB8D000320D95 /* Resources */,
			);
			buildRules = (
			);
			dependencies = (
			);
			name = VideoFromJsonDemo;
			productName = VideoFromJsonDemo;
			productReference = 4EC41A47197DB8D000320D95 /* VideoFromJsonDemo.app */;
			productType = "com.apple.product-type.application";
		};
		4EC41A6A197DB8D000320D95 /* VideoFromJsonDemoTests */ = {
			isa = PBXNativeTarget;
			buildConfigurationList = 4EC41A7F197DB8D000320D95 /* Build configuration list for PBXNativeTarget "VideoFromJsonDemoTests" */;
			buildPhases = (
				4EC41A67197DB8D000320D95 /* Sources */,
				4EC41A68197DB8D000320D95 /* Frameworks */,
				4EC41A69197DB8D000320D95 /* Resources */,
			);
			buildRules = (
			);
			dependencies = (
				4EC41A71197DB8D000320D95 /* PBXTargetDependency */,
			);
			name = VideoFromJsonDemoTests;
			productName = VideoFromJsonDemoTests;
			productReference = 4EC41A6B197DB8D000320D95 /* VideoFromJsonDemoTests.xctest */;
			productType = "com.apple.product-type.bundle.unit-test";
		};
/* End PBXNativeTarget section */

/* Begin PBXProject section */
		4EC41A3F197DB8D000320D95 /* Project object */ = {
			isa = PBXProject;
			attributes = {
				LastUpgradeCheck = 0510;
				ORGANIZATIONNAME = "Jiuzheng Chen";
				TargetAttributes = {
					4EC41A6A197DB8D000320D95 = {
						TestTargetID = 4EC41A46197DB8D000320D95;
					};
				};
			};
			buildConfigurationList = 4EC41A42197DB8D000320D95 /* Build configuration list for PBXProject "VideoFromJsonDemo" */;
			compatibilityVersion = "Xcode 3.2";
			developmentRegion = English;
			hasScannedForEncodings = 0;
			knownRegions = (
				en,
				Base,
			);
			mainGroup = 4EC41A3E197DB8D000320D95;
			productRefGroup = 4EC41A48197DB8D000320D95 /* Products */;
			projectDirPath = "";
			projectRoot = "";
			targets = (
				4EC41A46197DB8D000320D95 /* VideoFromJsonDemo */,
				4EC41A6A197DB8D000320D95 /* VideoFromJsonDemoTests */,
			);
		};
/* End PBXProject section */

/* Begin PBXResourcesBuildPhase section */
		4EC41A45197DB8D000320D95 /* Resources */ = {
			isa = PBXResourcesBuildPhase;
			buildActionMask = 2147483647;
			files = (
				4EC41A61197DB8D000320D95 /* Main_iPad.storyboard in Resources */,
				4EC41A66197DB8D000320D95 /* Images.xcassets in Resources */,
				4EC41A5E197DB8D000320D95 /* Main_iPhone.storyboard in Resources */,
				4EC41A55197DB8D000320D95 /* InfoPlist.strings in Resources */,
			);
			runOnlyForDeploymentPostprocessing = 0;
		};
		4EC41A69197DB8D000320D95 /* Resources */ = {
			isa = PBXResourcesBuildPhase;
			buildActionMask = 2147483647;
			files = (
				4EC41A77197DB8D000320D95 /* InfoPlist.strings in Resources */,
			);
			runOnlyForDeploymentPostprocessing = 0;
		};
/* End PBXResourcesBuildPhase section */

/* Begin PBXSourcesBuildPhase section */
		4EC41A43197DB8D000320D95 /* Sources */ = {
			isa = PBXSourcesBuildPhase;
			buildActionMask = 2147483647;
			files = (
				4EC41A90197DC85400320D95 /* VJWebViewController.m in Sources */,
				4EC41A64197DB8D000320D95 /* VJMainViewController.m in Sources */,
				4EC41A5B197DB8D000320D95 /* AppDelegate.m in Sources */,
				4EC41A87197DB95500320D95 /* VJNetworkCommand.m in Sources */,
				4EC41A8D197DC29C00320D95 /* VJTableViewCell.m in Sources */,
				4EC41A8A197DBCA200320D95 /* VJObjectModel.m in Sources */,
				4EC41A57197DB8D000320D95 /* main.m in Sources */,
			);
			runOnlyForDeploymentPostprocessing = 0;
		};
		4EC41A67197DB8D000320D95 /* Sources */ = {
			isa = PBXSourcesBuildPhase;
			buildActionMask = 2147483647;
			files = (
				4EC41A79197DB8D000320D95 /* VideoFromJsonDemoTests.m in Sources */,
			);
			runOnlyForDeploymentPostprocessing = 0;
		};
/* End PBXSourcesBuildPhase section */

/* Begin PBXTargetDependency section */
		4EC41A71197DB8D000320D95 /* PBXTargetDependency */ = {
			isa = PBXTargetDependency;
			target = 4EC41A46197DB8D000320D95 /* VideoFromJsonDemo */;
			targetProxy = 4EC41A70197DB8D000320D95 /* PBXContainerItemProxy */;
		};
/* End PBXTargetDependency section */

/* Begin PBXVariantGroup section */
		4EC41A53197DB8D000320D95 /* InfoPlist.strings */ = {
			isa = PBXVariantGroup;
			children = (
				4EC41A54197DB8D000320D95 /* en */,
			);
			name = InfoPlist.strings;
			sourceTree = "<group>";
		};
		4EC41A5C197DB8D000320D95 /* Main_iPhone.storyboard */ = {
			isa = PBXVariantGroup;
			children = (
				4EC41A5D197DB8D000320D95 /* Base */,
			);
			name = Main_iPhone.storyboard;
			sourceTree = "<group>";
		};
		4EC41A5F197DB8D000320D95 /* Main_iPad.storyboard */ = {
			isa = PBXVariantGroup;
			children = (
				4EC41A60197DB8D000320D95 /* Base */,
			);
			name = Main_iPad.storyboard;
			sourceTree = "<group>";
		};
		4EC41A75197DB8D000320D95 /* InfoPlist.strings */ = {
			isa = PBXVariantGroup;
			children = (
				4EC41A76197DB8D000320D95 /* en */,
			);
			name = InfoPlist.strings;
			sourceTree = "<group>";
		};
/* End PBXVariantGroup section */

/* Begin XCBuildConfiguration section */
		4EC41A7A197DB8D000320D95 /* Debug */ = {
			isa = XCBuildConfiguration;
			buildSettings = {
				ALWAYS_SEARCH_USER_PATHS = NO;
				CLANG_CXX_LANGUAGE_STANDARD = "gnu++0x";
				CLANG_CXX_LIBRARY = "libc++";
				CLANG_ENABLE_MODULES = YES;
				CLANG_ENABLE_OBJC_ARC = YES;
				CLANG_WARN_BOOL_CONVERSION = YES;
				CLANG_WARN_CONSTANT_CONVERSION = YES;
				CLANG_WARN_DIRECT_OBJC_ISA_USAGE = YES_ERROR;
				CLANG_WARN_EMPTY_BODY = YES;
				CLANG_WARN_ENUM_CONVERSION = YES;
				CLANG_WARN_INT_CONVERSION = YES;
				CLANG_WARN_OBJC_ROOT_CLASS = YES_ERROR;
				CLANG_WARN__DUPLICATE_METHOD_MATCH = YES;
				"CODE_SIGN_IDENTITY[sdk=iphoneos*]" = "iPhone Developer";
				COPY_PHASE_STRIP = NO;
				GCC_C_LANGUAGE_STANDARD = gnu99;
				GCC_DYNAMIC_NO_PIC = NO;
				GCC_OPTIMIZATION_LEVEL = 0;
				GCC_PREPROCESSOR_DEFINITIONS = (
					"DEBUG=1",
					"$(inherited)",
				);
				GCC_SYMBOLS_PRIVATE_EXTERN = NO;
				GCC_WARN_64_TO_32_BIT_CONVERSION = YES;
				GCC_WARN_ABOUT_RETURN_TYPE = YES_ERROR;
				GCC_WARN_UNDECLARED_SELECTOR = YES;
				GCC_WARN_UNINITIALIZED_AUTOS = YES_AGGRESSIVE;
				GCC_WARN_UNUSED_FUNCTION = YES;
				GCC_WARN_UNUSED_VARIABLE = YES;
				IPHONEOS_DEPLOYMENT_TARGET = 7.1;
				ONLY_ACTIVE_ARCH = YES;
				SDKROOT = iphoneos;
				TARGETED_DEVICE_FAMILY = "1,2";
			};
			name = Debug;
		};
		4EC41A7B197DB8D000320D95 /* Release */ = {
			isa = XCBuildConfiguration;
			buildSettings = {
				ALWAYS_SEARCH_USER_PATHS = NO;
				CLANG_CXX_LANGUAGE_STANDARD = "gnu++0x";
				CLANG_CXX_LIBRARY = "libc++";
				CLANG_ENABLE_MODULES = YES;
				CLANG_ENABLE_OBJC_ARC = YES;
				CLANG_WARN_BOOL_CONVERSION = YES;
				CLANG_WARN_CONSTANT_CONVERSION = YES;
				CLANG_WARN_DIRECT_OBJC_ISA_USAGE = YES_ERROR;
				CLANG_WARN_EMPTY_BODY = YES;
				CLANG_WARN_ENUM_CONVERSION = YES;
				CLANG_WARN_INT_CONVERSION = YES;
				CLANG_WARN_OBJC_ROOT_CLASS = YES_ERROR;
				CLANG_WARN__DUPLICATE_METHOD_MATCH = YES;
				"CODE_SIGN_IDENTITY[sdk=iphoneos*]" = "iPhone Developer";
				COPY_PHASE_STRIP = YES;
				ENABLE_NS_ASSERTIONS = NO;
				GCC_C_LANGUAGE_STANDARD = gnu99;
				GCC_WARN_64_TO_32_BIT_CONVERSION = YES;
				GCC_WARN_ABOUT_RETURN_TYPE = YES_ERROR;
				GCC_WARN_UNDECLARED_SELECTOR = YES;
				GCC_WARN_UNINITIALIZED_AUTOS = YES_AGGRESSIVE;
				GCC_WARN_UNUSED_FUNCTION = YES;
				GCC_WARN_UNUSED_VARIABLE = YES;
				IPHONEOS_DEPLOYMENT_TARGET = 7.1;
				SDKROOT = iphoneos;
				TARGETED_DEVICE_FAMILY = "1,2";
				VALIDATE_PRODUCT = YES;
			};
			name = Release;
		};
		4EC41A7D197DB8D000320D95 /* Debug */ = {
			isa = XCBuildConfiguration;
			buildSettings = {
				ASSETCATALOG_COMPILER_APPICON_NAME = AppIcon;
				ASSETCATALOG_COMPILER_LAUNCHIMAGE_NAME = LaunchImage;
				GCC_PRECOMPILE_PREFIX_HEADER = YES;
				GCC_PREFIX_HEADER = "VideoFromJsonDemo/VideoFromJsonDemo-Prefix.pch";
				INFOPLIST_FILE = "VideoFromJsonDemo/VideoFromJsonDemo-Info.plist";
				PRODUCT_NAME = "$(TARGET_NAME)";
				WRAPPER_EXTENSION = app;
			};
			name = Debug;
		};
		4EC41A7E197DB8D000320D95 /* Release */ = {
			isa = XCBuildConfiguration;
			buildSettings = {
				ASSETCATALOG_COMPILER_APPICON_NAME = AppIcon;
				ASSETCATALOG_COMPILER_LAUNCHIMAGE_NAME = LaunchImage;
				GCC_PRECOMPILE_PREFIX_HEADER = YES;
				GCC_PREFIX_HEADER = "VideoFromJsonDemo/VideoFromJsonDemo-Prefix.pch";
				INFOPLIST_FILE = "VideoFromJsonDemo/VideoFromJsonDemo-Info.plist";
				PRODUCT_NAME = "$(TARGET_NAME)";
				WRAPPER_EXTENSION = app;
			};
			name = Release;
		};
		4EC41A80197DB8D000320D95 /* Debug */ = {
			isa = XCBuildConfiguration;
			buildSettings = {
				BUNDLE_LOADER = "$(BUILT_PRODUCTS_DIR)/VideoFromJsonDemo.app/VideoFromJsonDemo";
				FRAMEWORK_SEARCH_PATHS = (
					"$(SDKROOT)/Developer/Library/Frameworks",
					"$(inherited)",
					"$(DEVELOPER_FRAMEWORKS_DIR)",
				);
				GCC_PRECOMPILE_PREFIX_HEADER = YES;
				GCC_PREFIX_HEADER = "VideoFromJsonDemo/VideoFromJsonDemo-Prefix.pch";
				GCC_PREPROCESSOR_DEFINITIONS = (
					"DEBUG=1",
					"$(inherited)",
				);
				INFOPLIST_FILE = "VideoFromJsonDemoTests/VideoFromJsonDemoTests-Info.plist";
				PRODUCT_NAME = "$(TARGET_NAME)";
				TEST_HOST = "$(BUNDLE_LOADER)";
				WRAPPER_EXTENSION = xctest;
			};
			name = Debug;
		};
		4EC41A81197DB8D000320D95 /* Release */ = {
			isa = XCBuildConfiguration;
			buildSettings = {
				BUNDLE_LOADER = "$(BUILT_PRODUCTS_DIR)/VideoFromJsonDemo.app/VideoFromJsonDemo";
				FRAMEWORK_SEARCH_PATHS = (
					"$(SDKROOT)/Developer/Library/Frameworks",
					"$(inherited)",
					"$(DEVELOPER_FRAMEWORKS_DIR)",
				);
				GCC_PRECOMPILE_PREFIX_HEADER = YES;
				GCC_PREFIX_HEADER = "VideoFromJsonDemo/VideoFromJsonDemo-Prefix.pch";
				INFOPLIST_FILE = "VideoFromJsonDemoTests/VideoFromJsonDemoTests-Info.plist";
				PRODUCT_NAME = "$(TARGET_NAME)";
				TEST_HOST = "$(BUNDLE_LOADER)";
				WRAPPER_EXTENSION = xctest;
			};
			name = Release;
		};
/* End XCBuildConfiguration section */

/* Begin XCConfigurationList section */
		4EC41A42197DB8D000320D95 /* Build configuration list for PBXProject "VideoFromJsonDemo" */ = {
			isa = XCConfigurationList;
			buildConfigurations = (
				4EC41A7A197DB8D000320D95 /* Debug */,
				4EC41A7B197DB8D000320D95 /* Release */,
			);
			defaultConfigurationIsVisible = 0;
			defaultConfigurationName = Release;
		};
		4EC41A7C197DB8D000320D95 /* Build configuration list for PBXNativeTarget "VideoFromJsonDemo" */ = {
			isa = XCConfigurationList;
			buildConfigurations = (
				4EC41A7D197DB8D000320D95 /* Debug */,
				4EC41A7E197DB8D000320D95 /* Release */,
			);
			defaultConfigurationIsVisible = 0;
		};
		4EC41A7F197DB8D000320D95 /* Build configuration list for PBXNativeTarget "VideoFromJsonDemoTests" */ = {
			isa = XCConfigurationList;
			buildConfigurations = (
				4EC41A80197DB8D000320D95 /* Debug */,
				4EC41A81197DB8D000320D95 /* Release */,
			);
			defaultConfigurationIsVisible = 0;
		};
/* End XCConfigurationList section */
	};
	rootObject = 4EC41A3F197DB8D000320D95 /* Project object */;
}
